
Microsoft Visual Studio Solution File, Format Version 12.00
# Visual Studio Version 16
VisualStudioVersion = 16.0.32901.82
MinimumVisualStudioVersion = 10.0.40219.1
Project("{9A19103F-16F7-4668-BE54-9A1E7A4F7556}") = "Piano", "Piano.csproj", "{59CDD94E-16B8-49E0-8C46-6720577BDD5B}"
EndProject
Project("{2150E333-8FDC-42A3-9474-1A3956D46DE8}") = "Solution Items", "Solution Items", "{DDBB800E-6660-40AF-BEB8-1584D0755B77}"
	ProjectSection(SolutionItems) = preProject
		.editorconfig = .editorconfig
	EndProjectSection
EndProject
Global
	GlobalSection(SolutionConfigurationPlatforms) = preSolution
		Debug|Any CPU = Debug|Any CPU
		Release|Any CPU = Release|Any CPU
	EndGlobalSection
	GlobalSection(ProjectConfigurationPlatforms) = postSolution
		{59CDD94E-16B8-49E0-8C46-6720577BDD5B}.Debug|Any CPU.ActiveCfg = Debug|Any CPU
		{59CDD94E-16B8-49E0-8C46-6720577BDD5B}.Debug|Any CPU.Build.0 = Debug|Any CPU
		{59CDD94E-16B8-49E0-8C46-6720577BDD5B}.Release|Any CPU.ActiveCfg = Release|Any CPU
		{59CDD94E-16B8-49E0-8C46-6720577BDD5B}.Release|Any CPU.Build.0 = Release|Any CPU
	EndGlobalSection
	GlobalSection(SolutionProperties) = preSolution
		HideSolutionNode = FALSE
	EndGlobalSection
	GlobalSection(ExtensibilityGlobals) = postSolution
		SolutionGuid = {752521D3-3817-4501-9CDD-32C585327D2C}
	EndGlobalSection
EndGlobal
